
Microsoft Visual Studio Solution File, Format Version 12.00
# Visual Studio 14
VisualStudioVersion = 14.0.22823.1
MinimumVisualStudioVersion = 10.0.40219.1
Project("{FAE04EC0-301F-11D3-BF4B-00C04F79EFBC}") = "01.SerriesOfLetters", "01.SerriesOfLetters\01.SerriesOfLetters.csproj", "{CCBCC348-B197-4353-8ED3-3759D188A8E9}"
EndProject
Project("{FAE04EC0-301F-11D3-BF4B-00C04F79EFBC}") = "02.ReplaceATag", "02.ReplaceATag\02.ReplaceATag.csproj", "{1A5F9A97-5DE4-490B-9EBF-4665A806BA54}"
EndProject
Global
	GlobalSection(SolutionConfigurationPlatforms) = preSolution
		Debug|Any CPU = Debug|Any CPU
		Release|Any CPU = Release|Any CPU
	EndGlobalSection
	GlobalSection(ProjectConfigurationPlatforms) = postSolution
		{CCBCC348-B197-4353-8ED3-3759D188A8E9}.Debug|Any CPU.ActiveCfg = Debug|Any CPU
		{CCBCC348-B197-4353-8ED3-3759D188A8E9}.Debug|Any CPU.Build.0 = Debug|Any CPU
		{CCBCC348-B197-4353-8ED3-3759D188A8E9}.Release|Any CPU.ActiveCfg = Release|Any CPU
		{CCBCC348-B197-4353-8ED3-3759D188A8E9}.Release|Any CPU.Build.0 = Release|Any CPU
		{1A5F9A97-5DE4-490B-9EBF-4665A806BA54}.Debug|Any CPU.ActiveCfg = Debug|Any CPU
		{1A5F9A97-5DE4-490B-9EBF-4665A806BA54}.Debug|Any CPU.Build.0 = Debug|Any CPU
		{1A5F9A97-5DE4-490B-9EBF-4665A806BA54}.Release|Any CPU.ActiveCfg = Release|Any CPU
		{1A5F9A97-5DE4-490B-9EBF-4665A806BA54}.Release|Any CPU.Build.0 = Release|Any CPU
	EndGlobalSection
	GlobalSection(SolutionProperties) = preSolution
		HideSolutionNode = FALSE
	EndGlobalSection
EndGlobal
