
Microsoft Visual Studio Solution File, Format Version 12.00
# Visual Studio 2013
VisualStudioVersion = 12.0.31101.0
MinimumVisualStudioVersion = 10.0.40219.1
Project("{FAE04EC0-301F-11D3-BF4B-00C04F79EFBC}") = "01. Bigger Number", "01. Bigger Number\01. Bigger Number.csproj", "{6D84E146-4EBC-4ED9-8DD0-19D1887CC5EC}"
EndProject
Project("{FAE04EC0-301F-11D3-BF4B-00C04F79EFBC}") = "02. Last Digit of Number", "02. Last Digit of Number\02. Last Digit of Number.csproj", "{26EB67DC-FB58-44ED-9126-DE8897C2CDF9}"
EndProject
Project("{FAE04EC0-301F-11D3-BF4B-00C04F79EFBC}") = "03. Larger Than Neighbours", "03. Larger Than Neighbours\03. Larger Than Neighbours.csproj", "{4AE67BA4-0F7C-4EF8-83FC-0F46B59916C9}"
EndProject
Project("{FAE04EC0-301F-11D3-BF4B-00C04F79EFBC}") = "04. First Larger Than Neighbours", "04. First Larger Than Neighbours\04. First Larger Than Neighbours.csproj", "{3D76FFCF-3AD7-48E2-8868-88F398D9446E}"
EndProject
Project("{FAE04EC0-301F-11D3-BF4B-00C04F79EFBC}") = "05. Reverse Number", "05. Reverse Number\05. Reverse Number.csproj", "{9E49B62A-A875-467D-817A-E3A547C00020}"
EndProject
Project("{FAE04EC0-301F-11D3-BF4B-00C04F79EFBC}") = "06. Number Calculations", "06. Number Calculations\06. Number Calculations.csproj", "{65FA5AC9-26BB-467B-B8FE-AEF608E50EED}"
EndProject
Global
	GlobalSection(SolutionConfigurationPlatforms) = preSolution
		Debug|Any CPU = Debug|Any CPU
		Release|Any CPU = Release|Any CPU
	EndGlobalSection
	GlobalSection(ProjectConfigurationPlatforms) = postSolution
		{6D84E146-4EBC-4ED9-8DD0-19D1887CC5EC}.Debug|Any CPU.ActiveCfg = Debug|Any CPU
		{6D84E146-4EBC-4ED9-8DD0-19D1887CC5EC}.Debug|Any CPU.Build.0 = Debug|Any CPU
		{6D84E146-4EBC-4ED9-8DD0-19D1887CC5EC}.Release|Any CPU.ActiveCfg = Release|Any CPU
		{6D84E146-4EBC-4ED9-8DD0-19D1887CC5EC}.Release|Any CPU.Build.0 = Release|Any CPU
		{26EB67DC-FB58-44ED-9126-DE8897C2CDF9}.Debug|Any CPU.ActiveCfg = Debug|Any CPU
		{26EB67DC-FB58-44ED-9126-DE8897C2CDF9}.Debug|Any CPU.Build.0 = Debug|Any CPU
		{26EB67DC-FB58-44ED-9126-DE8897C2CDF9}.Release|Any CPU.ActiveCfg = Release|Any CPU
		{26EB67DC-FB58-44ED-9126-DE8897C2CDF9}.Release|Any CPU.Build.0 = Release|Any CPU
		{4AE67BA4-0F7C-4EF8-83FC-0F46B59916C9}.Debug|Any CPU.ActiveCfg = Debug|Any CPU
		{4AE67BA4-0F7C-4EF8-83FC-0F46B59916C9}.Debug|Any CPU.Build.0 = Debug|Any CPU
		{4AE67BA4-0F7C-4EF8-83FC-0F46B59916C9}.Release|Any CPU.ActiveCfg = Release|Any CPU
		{4AE67BA4-0F7C-4EF8-83FC-0F46B59916C9}.Release|Any CPU.Build.0 = Release|Any CPU
		{3D76FFCF-3AD7-48E2-8868-88F398D9446E}.Debug|Any CPU.ActiveCfg = Debug|Any CPU
		{3D76FFCF-3AD7-48E2-8868-88F398D9446E}.Debug|Any CPU.Build.0 = Debug|Any CPU
		{3D76FFCF-3AD7-48E2-8868-88F398D9446E}.Release|Any CPU.ActiveCfg = Release|Any CPU
		{3D76FFCF-3AD7-48E2-8868-88F398D9446E}.Release|Any CPU.Build.0 = Release|Any CPU
		{9E49B62A-A875-467D-817A-E3A547C00020}.Debug|Any CPU.ActiveCfg = Debug|Any CPU
		{9E49B62A-A875-467D-817A-E3A547C00020}.Debug|Any CPU.Build.0 = Debug|Any CPU
		{9E49B62A-A875-467D-817A-E3A547C00020}.Release|Any CPU.ActiveCfg = Release|Any CPU
		{9E49B62A-A875-467D-817A-E3A547C00020}.Release|Any CPU.Build.0 = Release|Any CPU
		{65FA5AC9-26BB-467B-B8FE-AEF608E50EED}.Debug|Any CPU.ActiveCfg = Debug|Any CPU
		{65FA5AC9-26BB-467B-B8FE-AEF608E50EED}.Debug|Any CPU.Build.0 = Debug|Any CPU
		{65FA5AC9-26BB-467B-B8FE-AEF608E50EED}.Release|Any CPU.ActiveCfg = Release|Any CPU
		{65FA5AC9-26BB-467B-B8FE-AEF608E50EED}.Release|Any CPU.Build.0 = Release|Any CPU
	EndGlobalSection
	GlobalSection(SolutionProperties) = preSolution
		HideSolutionNode = FALSE
	EndGlobalSection
EndGlobal
