
Microsoft Visual Studio Solution File, Format Version 12.00
# Visual Studio 14
VisualStudioVersion = 14.0.22823.1
MinimumVisualStudioVersion = 10.0.40219.1
Project("{FAE04EC0-301F-11D3-BF4B-00C04F79EFBC}") = "01.ReadFilePrintOddLines", "01.ReadFilePrintOddLines\01.ReadFilePrintOddLines.csproj", "{6151FAE7-846B-4788-ACB9-1A608B57CE8C}"
EndProject
Project("{FAE04EC0-301F-11D3-BF4B-00C04F79EFBC}") = "02.LineNumbers", "02.LineNumbers\02.LineNumbers.csproj", "{4D486569-98CB-4E6D-9AA6-0441C76FF0BA}"
EndProject
Project("{FAE04EC0-301F-11D3-BF4B-00C04F79EFBC}") = "03.WordCountAndSaveInFile", "03.WordCountAndSaveInFile\03.WordCountAndSaveInFile.csproj", "{3635E22B-1F98-405D-93CF-678BC5779E77}"
EndProject
Global
	GlobalSection(SolutionConfigurationPlatforms) = preSolution
		Debug|Any CPU = Debug|Any CPU
		Release|Any CPU = Release|Any CPU
	EndGlobalSection
	GlobalSection(ProjectConfigurationPlatforms) = postSolution
		{6151FAE7-846B-4788-ACB9-1A608B57CE8C}.Debug|Any CPU.ActiveCfg = Debug|Any CPU
		{6151FAE7-846B-4788-ACB9-1A608B57CE8C}.Debug|Any CPU.Build.0 = Debug|Any CPU
		{6151FAE7-846B-4788-ACB9-1A608B57CE8C}.Release|Any CPU.ActiveCfg = Release|Any CPU
		{6151FAE7-846B-4788-ACB9-1A608B57CE8C}.Release|Any CPU.Build.0 = Release|Any CPU
		{4D486569-98CB-4E6D-9AA6-0441C76FF0BA}.Debug|Any CPU.ActiveCfg = Debug|Any CPU
		{4D486569-98CB-4E6D-9AA6-0441C76FF0BA}.Debug|Any CPU.Build.0 = Debug|Any CPU
		{4D486569-98CB-4E6D-9AA6-0441C76FF0BA}.Release|Any CPU.ActiveCfg = Release|Any CPU
		{4D486569-98CB-4E6D-9AA6-0441C76FF0BA}.Release|Any CPU.Build.0 = Release|Any CPU
		{3635E22B-1F98-405D-93CF-678BC5779E77}.Debug|Any CPU.ActiveCfg = Debug|Any CPU
		{3635E22B-1F98-405D-93CF-678BC5779E77}.Debug|Any CPU.Build.0 = Debug|Any CPU
		{3635E22B-1F98-405D-93CF-678BC5779E77}.Release|Any CPU.ActiveCfg = Release|Any CPU
		{3635E22B-1F98-405D-93CF-678BC5779E77}.Release|Any CPU.Build.0 = Release|Any CPU
	EndGlobalSection
	GlobalSection(SolutionProperties) = preSolution
		HideSolutionNode = FALSE
	EndGlobalSection
EndGlobal
